
Microsoft Visual Studio Solution File, Format Version 12.00
# Visual Studio Version 17
VisualStudioVersion = 17.13.35931.197 d17.13
MinimumVisualStudioVersion = 10.0.40219.1
Project("{FAE04EC0-301F-11D3-BF4B-00C04F79EFBC}") = "OkulOtomasyonu", "OkulOtomasyonu\OkulOtomasyonu.csproj", "{600AC32E-23A1-42A4-BBC6-B81DFC63C2EA}"
EndProject
Global
	GlobalSection(SolutionConfigurationPlatforms) = preSolution
		Debug|Any CPU = Debug|Any CPU
		Release|Any CPU = Release|Any CPU
	EndGlobalSection
	GlobalSection(ProjectConfigurationPlatforms) = postSolution
		{600AC32E-23A1-42A4-BBC6-B81DFC63C2EA}.Debug|Any CPU.ActiveCfg = Debug|Any CPU
		{600AC32E-23A1-42A4-BBC6-B81DFC63C2EA}.Debug|Any CPU.Build.0 = Debug|Any CPU
		{600AC32E-23A1-42A4-BBC6-B81DFC63C2EA}.Release|Any CPU.ActiveCfg = Release|Any CPU
		{600AC32E-23A1-42A4-BBC6-B81DFC63C2EA}.Release|Any CPU.Build.0 = Release|Any CPU
	EndGlobalSection
	GlobalSection(SolutionProperties) = preSolution
		HideSolutionNode = FALSE
	EndGlobalSection
	GlobalSection(ExtensibilityGlobals) = postSolution
		SolutionGuid = {7E1FC0CB-7EE1-480C-9A7D-59C3D6E3F5BE}
	EndGlobalSection
EndGlobal
